
Microsoft Visual Studio Solution File, Format Version 12.00
# Visual Studio 2013
VisualStudioVersion = 12.0.21005.1
MinimumVisualStudioVersion = 10.0.40219.1
Project("{FAE04EC0-301F-11D3-BF4B-00C04F79EFBC}") = "SortingAndSearchingAlgorithms", "SortingAndSearchingAlgorithms\SortingAndSearchingAlgorithms.csproj", "{519EB12F-2451-4BAF-A8F3-83F5A51CC149}"
EndProject
Project("{FAE04EC0-301F-11D3-BF4B-00C04F79EFBC}") = "SortingAndSearchingAlgorithms.Test", "UnitTestProject1\SortingAndSearchingAlgorithms.Test.csproj", "{7FAAFCFC-365E-4FC5-8B42-AC54469CAE0F}"
EndProject
Global
	GlobalSection(SolutionConfigurationPlatforms) = preSolution
		Debug|Any CPU = Debug|Any CPU
		Release|Any CPU = Release|Any CPU
	EndGlobalSection
	GlobalSection(ProjectConfigurationPlatforms) = postSolution
		{519EB12F-2451-4BAF-A8F3-83F5A51CC149}.Debug|Any CPU.ActiveCfg = Debug|Any CPU
		{519EB12F-2451-4BAF-A8F3-83F5A51CC149}.Debug|Any CPU.Build.0 = Debug|Any CPU
		{519EB12F-2451-4BAF-A8F3-83F5A51CC149}.Release|Any CPU.ActiveCfg = Release|Any CPU
		{519EB12F-2451-4BAF-A8F3-83F5A51CC149}.Release|Any CPU.Build.0 = Release|Any CPU
		{7FAAFCFC-365E-4FC5-8B42-AC54469CAE0F}.Debug|Any CPU.ActiveCfg = Debug|Any CPU
		{7FAAFCFC-365E-4FC5-8B42-AC54469CAE0F}.Debug|Any CPU.Build.0 = Debug|Any CPU
		{7FAAFCFC-365E-4FC5-8B42-AC54469CAE0F}.Release|Any CPU.ActiveCfg = Release|Any CPU
		{7FAAFCFC-365E-4FC5-8B42-AC54469CAE0F}.Release|Any CPU.Build.0 = Release|Any CPU
	EndGlobalSection
	GlobalSection(SolutionProperties) = preSolution
		HideSolutionNode = FALSE
	EndGlobalSection
EndGlobal
