
Microsoft Visual Studio Solution File, Format Version 12.00
# Visual Studio 2013
VisualStudioVersion = 12.0.21005.1
MinimumVisualStudioVersion = 10.0.40219.1
Project("{FAE04EC0-301F-11D3-BF4B-00C04F79EFBC}") = "3.OnlineMarket", "OnlineMarket\3.OnlineMarket.csproj", "{1DA6D6B7-6584-420A-BA69-00B15B8DFDD0}"
EndProject
Project("{FAE04EC0-301F-11D3-BF4B-00C04F79EFBC}") = "1.Portals", "GirlsGoneWild\1.Portals.csproj", "{E4F5776C-1395-4945-A7E1-242759596BAD}"
EndProject
Project("{FAE04EC0-301F-11D3-BF4B-00C04F79EFBC}") = "Sorting", "Sorting\Sorting.csproj", "{F7A3AA2B-693E-4E1F-A0BA-0028B2839F0D}"
EndProject
Project("{FAE04EC0-301F-11D3-BF4B-00C04F79EFBC}") = "Market", "Market\Market.csproj", "{0DBBA087-91EC-4A02-B40C-68BCBC73A654}"
EndProject
Global
	GlobalSection(SolutionConfigurationPlatforms) = preSolution
		Debug|Any CPU = Debug|Any CPU
		Release|Any CPU = Release|Any CPU
	EndGlobalSection
	GlobalSection(ProjectConfigurationPlatforms) = postSolution
		{1DA6D6B7-6584-420A-BA69-00B15B8DFDD0}.Debug|Any CPU.ActiveCfg = Debug|Any CPU
		{1DA6D6B7-6584-420A-BA69-00B15B8DFDD0}.Debug|Any CPU.Build.0 = Debug|Any CPU
		{1DA6D6B7-6584-420A-BA69-00B15B8DFDD0}.Release|Any CPU.ActiveCfg = Release|Any CPU
		{1DA6D6B7-6584-420A-BA69-00B15B8DFDD0}.Release|Any CPU.Build.0 = Release|Any CPU
		{E4F5776C-1395-4945-A7E1-242759596BAD}.Debug|Any CPU.ActiveCfg = Debug|Any CPU
		{E4F5776C-1395-4945-A7E1-242759596BAD}.Debug|Any CPU.Build.0 = Debug|Any CPU
		{E4F5776C-1395-4945-A7E1-242759596BAD}.Release|Any CPU.ActiveCfg = Release|Any CPU
		{E4F5776C-1395-4945-A7E1-242759596BAD}.Release|Any CPU.Build.0 = Release|Any CPU
		{F7A3AA2B-693E-4E1F-A0BA-0028B2839F0D}.Debug|Any CPU.ActiveCfg = Debug|Any CPU
		{F7A3AA2B-693E-4E1F-A0BA-0028B2839F0D}.Debug|Any CPU.Build.0 = Debug|Any CPU
		{F7A3AA2B-693E-4E1F-A0BA-0028B2839F0D}.Release|Any CPU.ActiveCfg = Release|Any CPU
		{F7A3AA2B-693E-4E1F-A0BA-0028B2839F0D}.Release|Any CPU.Build.0 = Release|Any CPU
		{0DBBA087-91EC-4A02-B40C-68BCBC73A654}.Debug|Any CPU.ActiveCfg = Debug|Any CPU
		{0DBBA087-91EC-4A02-B40C-68BCBC73A654}.Debug|Any CPU.Build.0 = Debug|Any CPU
		{0DBBA087-91EC-4A02-B40C-68BCBC73A654}.Release|Any CPU.ActiveCfg = Release|Any CPU
		{0DBBA087-91EC-4A02-B40C-68BCBC73A654}.Release|Any CPU.Build.0 = Release|Any CPU
	EndGlobalSection
	GlobalSection(SolutionProperties) = preSolution
		HideSolutionNode = FALSE
	EndGlobalSection
EndGlobal
