
Microsoft Visual Studio Solution File, Format Version 12.00
# Visual Studio 2013
VisualStudioVersion = 12.0.31101.0
MinimumVisualStudioVersion = 10.0.40219.1
Project("{FAE04EC0-301F-11D3-BF4B-00C04F79EFBC}") = "01.NorthwindData", "NorthwindData\01.NorthwindData.csproj", "{B59D236D-567C-4FE9-92ED-68D46E87C666}"
EndProject
Project("{FAE04EC0-301F-11D3-BF4B-00C04F79EFBC}") = "02.DataAccessObject", "DataAccessObject\02.DataAccessObject.csproj", "{802A3A8C-C873-4777-B317-373E2AB705F5}"
EndProject
Project("{FAE04EC0-301F-11D3-BF4B-00C04F79EFBC}") = "NothwindTwin", "NothwindTwin\NothwindTwin.csproj", "{AD7E9912-7B5C-413D-9292-44A6F22EE374}"
EndProject
Global
	GlobalSection(SolutionConfigurationPlatforms) = preSolution
		Debug|Any CPU = Debug|Any CPU
		Release|Any CPU = Release|Any CPU
	EndGlobalSection
	GlobalSection(ProjectConfigurationPlatforms) = postSolution
		{B59D236D-567C-4FE9-92ED-68D46E87C666}.Debug|Any CPU.ActiveCfg = Debug|Any CPU
		{B59D236D-567C-4FE9-92ED-68D46E87C666}.Debug|Any CPU.Build.0 = Debug|Any CPU
		{B59D236D-567C-4FE9-92ED-68D46E87C666}.Release|Any CPU.ActiveCfg = Release|Any CPU
		{B59D236D-567C-4FE9-92ED-68D46E87C666}.Release|Any CPU.Build.0 = Release|Any CPU
		{802A3A8C-C873-4777-B317-373E2AB705F5}.Debug|Any CPU.ActiveCfg = Debug|Any CPU
		{802A3A8C-C873-4777-B317-373E2AB705F5}.Debug|Any CPU.Build.0 = Debug|Any CPU
		{802A3A8C-C873-4777-B317-373E2AB705F5}.Release|Any CPU.ActiveCfg = Release|Any CPU
		{802A3A8C-C873-4777-B317-373E2AB705F5}.Release|Any CPU.Build.0 = Release|Any CPU
		{AD7E9912-7B5C-413D-9292-44A6F22EE374}.Debug|Any CPU.ActiveCfg = Debug|Any CPU
		{AD7E9912-7B5C-413D-9292-44A6F22EE374}.Debug|Any CPU.Build.0 = Debug|Any CPU
		{AD7E9912-7B5C-413D-9292-44A6F22EE374}.Release|Any CPU.ActiveCfg = Release|Any CPU
		{AD7E9912-7B5C-413D-9292-44A6F22EE374}.Release|Any CPU.Build.0 = Release|Any CPU
	EndGlobalSection
	GlobalSection(SolutionProperties) = preSolution
		HideSolutionNode = FALSE
	EndGlobalSection
EndGlobal
