
Microsoft Visual Studio Solution File, Format Version 12.00
# Visual Studio Version 16
VisualStudioVersion = 16.0.29613.14
MinimumVisualStudioVersion = 10.0.40219.1
Project("{9A19103F-16F7-4668-BE54-9A1E7A4F7556}") = "BuildingManager", "BuildingManager\BuildingManager.csproj", "{8A5B177D-2FD1-45B1-B37E-74D1D866C912}"
EndProject
Global
	GlobalSection(SolutionConfigurationPlatforms) = preSolution
		Debug|Any CPU = Debug|Any CPU
		Release|Any CPU = Release|Any CPU
	EndGlobalSection
	GlobalSection(ProjectConfigurationPlatforms) = postSolution
		{8A5B177D-2FD1-45B1-B37E-74D1D866C912}.Debug|Any CPU.ActiveCfg = Debug|Any CPU
		{8A5B177D-2FD1-45B1-B37E-74D1D866C912}.Debug|Any CPU.Build.0 = Debug|Any CPU
		{8A5B177D-2FD1-45B1-B37E-74D1D866C912}.Release|Any CPU.ActiveCfg = Release|Any CPU
		{8A5B177D-2FD1-45B1-B37E-74D1D866C912}.Release|Any CPU.Build.0 = Release|Any CPU
	EndGlobalSection
	GlobalSection(SolutionProperties) = preSolution
		HideSolutionNode = FALSE
	EndGlobalSection
	GlobalSection(ExtensibilityGlobals) = postSolution
		SolutionGuid = {9DC3595D-BBAE-4EE3-AC1C-F2CAC5855F06}
	EndGlobalSection
EndGlobal
