
Microsoft Visual Studio Solution File, Format Version 12.00
# Visual Studio 2013
VisualStudioVersion = 12.0.30723.0
MinimumVisualStudioVersion = 10.0.40219.1
Project("{FAE04EC0-301F-11D3-BF4B-00C04F79EFBC}") = "16.PowerDigitSum", "PowerDigitSum\16.PowerDigitSum.csproj", "{2F3753B5-34EE-4A92-B7FD-A9E43CBDAC02}"
EndProject
Project("{FAE04EC0-301F-11D3-BF4B-00C04F79EFBC}") = "20.FactorialDigitSum", "FactorialDigitSum\20.FactorialDigitSum.csproj", "{FD0B8883-AC78-44E6-B644-6F92601A6467}"
EndProject
Project("{FAE04EC0-301F-11D3-BF4B-00C04F79EFBC}") = "25.DigitFibonacciNumber", "DigitFibonacciNumber\25.DigitFibonacciNumber.csproj", "{8FF13DC8-2B2A-4C82-841B-F7B68DFB4D19}"
EndProject
Project("{FAE04EC0-301F-11D3-BF4B-00C04F79EFBC}") = "26.ReciprocalCycles", "ReciprocalCycles\26.ReciprocalCycles.csproj", "{A28EF052-6FB5-47FC-A581-BF02A2933598}"
EndProject
Project("{FAE04EC0-301F-11D3-BF4B-00C04F79EFBC}") = "29.DistinctPowers", "DistinctPowers\29.DistinctPowers.csproj", "{7AF98DBA-DD8F-41AE-ADF8-16944693BF40}"
EndProject
Project("{FAE04EC0-301F-11D3-BF4B-00C04F79EFBC}") = "30.DigitFifthPowers", "DigitFifthPowers\30.DigitFifthPowers.csproj", "{28406609-8612-4657-87BB-C0E82492B51D}"
EndProject
Project("{FAE04EC0-301F-11D3-BF4B-00C04F79EFBC}") = "34.DigitFactorials", "DigitFactorials\34.DigitFactorials.csproj", "{8513AA5C-0F91-4AF0-AA53-006525801D6F}"
EndProject
Project("{FAE04EC0-301F-11D3-BF4B-00C04F79EFBC}") = "36.DoubleBasePalindromes", "DoubleBasePalindromes\36.DoubleBasePalindromes.csproj", "{4DDE35CE-A04C-4BDB-A25C-8A5090F601FB}"
EndProject
Project("{FAE04EC0-301F-11D3-BF4B-00C04F79EFBC}") = "41.PandigitalPrime", "PandigitalPrime\41.PandigitalPrime.csproj", "{30FB9E9F-92A1-4FD9-83A6-420728B927C0}"
EndProject
Project("{FAE04EC0-301F-11D3-BF4B-00C04F79EFBC}") = "18.MaximumPathSum", "MaximumPathSum\18.MaximumPathSum.csproj", "{42980F0C-789E-4EBB-9F65-26FD5D453F6F}"
EndProject
Global
	GlobalSection(SolutionConfigurationPlatforms) = preSolution
		Debug|Any CPU = Debug|Any CPU
		Release|Any CPU = Release|Any CPU
	EndGlobalSection
	GlobalSection(ProjectConfigurationPlatforms) = postSolution
		{2F3753B5-34EE-4A92-B7FD-A9E43CBDAC02}.Debug|Any CPU.ActiveCfg = Debug|Any CPU
		{2F3753B5-34EE-4A92-B7FD-A9E43CBDAC02}.Debug|Any CPU.Build.0 = Debug|Any CPU
		{2F3753B5-34EE-4A92-B7FD-A9E43CBDAC02}.Release|Any CPU.ActiveCfg = Release|Any CPU
		{2F3753B5-34EE-4A92-B7FD-A9E43CBDAC02}.Release|Any CPU.Build.0 = Release|Any CPU
		{FD0B8883-AC78-44E6-B644-6F92601A6467}.Debug|Any CPU.ActiveCfg = Debug|Any CPU
		{FD0B8883-AC78-44E6-B644-6F92601A6467}.Debug|Any CPU.Build.0 = Debug|Any CPU
		{FD0B8883-AC78-44E6-B644-6F92601A6467}.Release|Any CPU.ActiveCfg = Release|Any CPU
		{FD0B8883-AC78-44E6-B644-6F92601A6467}.Release|Any CPU.Build.0 = Release|Any CPU
		{8FF13DC8-2B2A-4C82-841B-F7B68DFB4D19}.Debug|Any CPU.ActiveCfg = Debug|Any CPU
		{8FF13DC8-2B2A-4C82-841B-F7B68DFB4D19}.Debug|Any CPU.Build.0 = Debug|Any CPU
		{8FF13DC8-2B2A-4C82-841B-F7B68DFB4D19}.Release|Any CPU.ActiveCfg = Release|Any CPU
		{8FF13DC8-2B2A-4C82-841B-F7B68DFB4D19}.Release|Any CPU.Build.0 = Release|Any CPU
		{A28EF052-6FB5-47FC-A581-BF02A2933598}.Debug|Any CPU.ActiveCfg = Debug|Any CPU
		{A28EF052-6FB5-47FC-A581-BF02A2933598}.Debug|Any CPU.Build.0 = Debug|Any CPU
		{A28EF052-6FB5-47FC-A581-BF02A2933598}.Release|Any CPU.ActiveCfg = Release|Any CPU
		{A28EF052-6FB5-47FC-A581-BF02A2933598}.Release|Any CPU.Build.0 = Release|Any CPU
		{7AF98DBA-DD8F-41AE-ADF8-16944693BF40}.Debug|Any CPU.ActiveCfg = Debug|Any CPU
		{7AF98DBA-DD8F-41AE-ADF8-16944693BF40}.Debug|Any CPU.Build.0 = Debug|Any CPU
		{7AF98DBA-DD8F-41AE-ADF8-16944693BF40}.Release|Any CPU.ActiveCfg = Release|Any CPU
		{7AF98DBA-DD8F-41AE-ADF8-16944693BF40}.Release|Any CPU.Build.0 = Release|Any CPU
		{28406609-8612-4657-87BB-C0E82492B51D}.Debug|Any CPU.ActiveCfg = Debug|Any CPU
		{28406609-8612-4657-87BB-C0E82492B51D}.Debug|Any CPU.Build.0 = Debug|Any CPU
		{28406609-8612-4657-87BB-C0E82492B51D}.Release|Any CPU.ActiveCfg = Release|Any CPU
		{28406609-8612-4657-87BB-C0E82492B51D}.Release|Any CPU.Build.0 = Release|Any CPU
		{8513AA5C-0F91-4AF0-AA53-006525801D6F}.Debug|Any CPU.ActiveCfg = Debug|Any CPU
		{8513AA5C-0F91-4AF0-AA53-006525801D6F}.Debug|Any CPU.Build.0 = Debug|Any CPU
		{8513AA5C-0F91-4AF0-AA53-006525801D6F}.Release|Any CPU.ActiveCfg = Release|Any CPU
		{8513AA5C-0F91-4AF0-AA53-006525801D6F}.Release|Any CPU.Build.0 = Release|Any CPU
		{4DDE35CE-A04C-4BDB-A25C-8A5090F601FB}.Debug|Any CPU.ActiveCfg = Debug|Any CPU
		{4DDE35CE-A04C-4BDB-A25C-8A5090F601FB}.Debug|Any CPU.Build.0 = Debug|Any CPU
		{4DDE35CE-A04C-4BDB-A25C-8A5090F601FB}.Release|Any CPU.ActiveCfg = Release|Any CPU
		{4DDE35CE-A04C-4BDB-A25C-8A5090F601FB}.Release|Any CPU.Build.0 = Release|Any CPU
		{30FB9E9F-92A1-4FD9-83A6-420728B927C0}.Debug|Any CPU.ActiveCfg = Debug|Any CPU
		{30FB9E9F-92A1-4FD9-83A6-420728B927C0}.Debug|Any CPU.Build.0 = Debug|Any CPU
		{30FB9E9F-92A1-4FD9-83A6-420728B927C0}.Release|Any CPU.ActiveCfg = Release|Any CPU
		{30FB9E9F-92A1-4FD9-83A6-420728B927C0}.Release|Any CPU.Build.0 = Release|Any CPU
		{42980F0C-789E-4EBB-9F65-26FD5D453F6F}.Debug|Any CPU.ActiveCfg = Debug|Any CPU
		{42980F0C-789E-4EBB-9F65-26FD5D453F6F}.Debug|Any CPU.Build.0 = Debug|Any CPU
		{42980F0C-789E-4EBB-9F65-26FD5D453F6F}.Release|Any CPU.ActiveCfg = Release|Any CPU
		{42980F0C-789E-4EBB-9F65-26FD5D453F6F}.Release|Any CPU.Build.0 = Release|Any CPU
	EndGlobalSection
	GlobalSection(SolutionProperties) = preSolution
		HideSolutionNode = FALSE
	EndGlobalSection
EndGlobal
