
Microsoft Visual Studio Solution File, Format Version 12.00
# Visual Studio Express 2013 for Windows Desktop
VisualStudioVersion = 12.0.21005.1
MinimumVisualStudioVersion = 10.0.40219.1
Project("{FAE04EC0-301F-11D3-BF4B-00C04F79EFBC}") = "01.PrintNumberFrom1ToN", "PrintNumberFrom1ToN\01.PrintNumberFrom1ToN.csproj", "{00C28BD1-80D2-4D07-B5BC-F3FA2E2A12AD}"
EndProject
Project("{FAE04EC0-301F-11D3-BF4B-00C04F79EFBC}") = "02.NumberWhoNotDivisibleBy3and7", "NumberWhoNotDivisibleBy3and7\02.NumberWhoNotDivisibleBy3and7.csproj", "{22AF022F-C244-41E1-945A-399F02C928D8}"
EndProject
Project("{FAE04EC0-301F-11D3-BF4B-00C04F79EFBC}") = "03.MinAndMaxOfNNumbers", "MinAndMaxOfNNumbers\03.MinAndMaxOfNNumbers.csproj", "{88AF22AC-1B6E-4865-8EF5-61B88F81C034}"
EndProject
Project("{FAE04EC0-301F-11D3-BF4B-00C04F79EFBC}") = "04.NandKFacturiel", "NandKFacturiel\04.NandKFacturiel.csproj", "{63542582-47C6-475C-84E2-9CAAE3E831B5}"
EndProject
Project("{FAE04EC0-301F-11D3-BF4B-00C04F79EFBC}") = "05.EquationOfNandKFacturial", "EquationOfNandKFacturial\05.EquationOfNandKFacturial.csproj", "{0B8F4229-0958-4C7C-90F6-54E77391652F}"
EndProject
Project("{FAE04EC0-301F-11D3-BF4B-00C04F79EFBC}") = "06.CalculateSum", "CalculateSum\06.CalculateSum.csproj", "{2E27FCC6-2643-4CFD-B26A-27047CE36575}"
EndProject
Project("{FAE04EC0-301F-11D3-BF4B-00C04F79EFBC}") = "07.Fibonacci", "Fibonacci\07.Fibonacci.csproj", "{18BB26EF-7FCF-4EF4-971E-C7EBAE4C5E39}"
EndProject
Project("{FAE04EC0-301F-11D3-BF4B-00C04F79EFBC}") = "08.EuclideanAlgorithm", "EuclideanAlgorithm\08.EuclideanAlgorithm.csproj", "{C5BA2982-6DC4-4EDF-9432-29EEB68D9C04}"
EndProject
Project("{FAE04EC0-301F-11D3-BF4B-00C04F79EFBC}") = "09.CatalanNumbers", "CatalanNumbers\09.CatalanNumbers.csproj", "{88E5C598-02F8-4BD7-83B8-B09A39E2618C}"
EndProject
Project("{FAE04EC0-301F-11D3-BF4B-00C04F79EFBC}") = "11.PrintDeckOf52Cards", "PrintDeckOf52Cards\11.PrintDeckOf52Cards.csproj", "{A11BEAA2-ED56-4510-9CEB-093670941501}"
EndProject
Project("{FAE04EC0-301F-11D3-BF4B-00C04F79EFBC}") = "12.PrintMatrix", "PrintMatrix\12.PrintMatrix.csproj", "{C4E86CA0-B155-4993-AC2D-ADB843B707E8}"
EndProject
Project("{FAE04EC0-301F-11D3-BF4B-00C04F79EFBC}") = "13.ZerosOfNFactorial", "ZerosOfNFactorial\13.ZerosOfNFactorial.csproj", "{0BB01D2B-7E79-40BE-892A-38472F015D93}"
EndProject
Global
	GlobalSection(SolutionConfigurationPlatforms) = preSolution
		Debug|Any CPU = Debug|Any CPU
		Release|Any CPU = Release|Any CPU
	EndGlobalSection
	GlobalSection(ProjectConfigurationPlatforms) = postSolution
		{00C28BD1-80D2-4D07-B5BC-F3FA2E2A12AD}.Debug|Any CPU.ActiveCfg = Debug|Any CPU
		{00C28BD1-80D2-4D07-B5BC-F3FA2E2A12AD}.Debug|Any CPU.Build.0 = Debug|Any CPU
		{00C28BD1-80D2-4D07-B5BC-F3FA2E2A12AD}.Release|Any CPU.ActiveCfg = Release|Any CPU
		{00C28BD1-80D2-4D07-B5BC-F3FA2E2A12AD}.Release|Any CPU.Build.0 = Release|Any CPU
		{22AF022F-C244-41E1-945A-399F02C928D8}.Debug|Any CPU.ActiveCfg = Debug|Any CPU
		{22AF022F-C244-41E1-945A-399F02C928D8}.Debug|Any CPU.Build.0 = Debug|Any CPU
		{22AF022F-C244-41E1-945A-399F02C928D8}.Release|Any CPU.ActiveCfg = Release|Any CPU
		{22AF022F-C244-41E1-945A-399F02C928D8}.Release|Any CPU.Build.0 = Release|Any CPU
		{88AF22AC-1B6E-4865-8EF5-61B88F81C034}.Debug|Any CPU.ActiveCfg = Debug|Any CPU
		{88AF22AC-1B6E-4865-8EF5-61B88F81C034}.Debug|Any CPU.Build.0 = Debug|Any CPU
		{88AF22AC-1B6E-4865-8EF5-61B88F81C034}.Release|Any CPU.ActiveCfg = Release|Any CPU
		{88AF22AC-1B6E-4865-8EF5-61B88F81C034}.Release|Any CPU.Build.0 = Release|Any CPU
		{63542582-47C6-475C-84E2-9CAAE3E831B5}.Debug|Any CPU.ActiveCfg = Debug|Any CPU
		{63542582-47C6-475C-84E2-9CAAE3E831B5}.Debug|Any CPU.Build.0 = Debug|Any CPU
		{63542582-47C6-475C-84E2-9CAAE3E831B5}.Release|Any CPU.ActiveCfg = Release|Any CPU
		{63542582-47C6-475C-84E2-9CAAE3E831B5}.Release|Any CPU.Build.0 = Release|Any CPU
		{0B8F4229-0958-4C7C-90F6-54E77391652F}.Debug|Any CPU.ActiveCfg = Debug|Any CPU
		{0B8F4229-0958-4C7C-90F6-54E77391652F}.Debug|Any CPU.Build.0 = Debug|Any CPU
		{0B8F4229-0958-4C7C-90F6-54E77391652F}.Release|Any CPU.ActiveCfg = Release|Any CPU
		{0B8F4229-0958-4C7C-90F6-54E77391652F}.Release|Any CPU.Build.0 = Release|Any CPU
		{2E27FCC6-2643-4CFD-B26A-27047CE36575}.Debug|Any CPU.ActiveCfg = Debug|Any CPU
		{2E27FCC6-2643-4CFD-B26A-27047CE36575}.Debug|Any CPU.Build.0 = Debug|Any CPU
		{2E27FCC6-2643-4CFD-B26A-27047CE36575}.Release|Any CPU.ActiveCfg = Release|Any CPU
		{2E27FCC6-2643-4CFD-B26A-27047CE36575}.Release|Any CPU.Build.0 = Release|Any CPU
		{18BB26EF-7FCF-4EF4-971E-C7EBAE4C5E39}.Debug|Any CPU.ActiveCfg = Debug|Any CPU
		{18BB26EF-7FCF-4EF4-971E-C7EBAE4C5E39}.Debug|Any CPU.Build.0 = Debug|Any CPU
		{18BB26EF-7FCF-4EF4-971E-C7EBAE4C5E39}.Release|Any CPU.ActiveCfg = Release|Any CPU
		{18BB26EF-7FCF-4EF4-971E-C7EBAE4C5E39}.Release|Any CPU.Build.0 = Release|Any CPU
		{C5BA2982-6DC4-4EDF-9432-29EEB68D9C04}.Debug|Any CPU.ActiveCfg = Debug|Any CPU
		{C5BA2982-6DC4-4EDF-9432-29EEB68D9C04}.Debug|Any CPU.Build.0 = Debug|Any CPU
		{C5BA2982-6DC4-4EDF-9432-29EEB68D9C04}.Release|Any CPU.ActiveCfg = Release|Any CPU
		{C5BA2982-6DC4-4EDF-9432-29EEB68D9C04}.Release|Any CPU.Build.0 = Release|Any CPU
		{88E5C598-02F8-4BD7-83B8-B09A39E2618C}.Debug|Any CPU.ActiveCfg = Debug|Any CPU
		{88E5C598-02F8-4BD7-83B8-B09A39E2618C}.Debug|Any CPU.Build.0 = Debug|Any CPU
		{88E5C598-02F8-4BD7-83B8-B09A39E2618C}.Release|Any CPU.ActiveCfg = Release|Any CPU
		{88E5C598-02F8-4BD7-83B8-B09A39E2618C}.Release|Any CPU.Build.0 = Release|Any CPU
		{A11BEAA2-ED56-4510-9CEB-093670941501}.Debug|Any CPU.ActiveCfg = Debug|Any CPU
		{A11BEAA2-ED56-4510-9CEB-093670941501}.Debug|Any CPU.Build.0 = Debug|Any CPU
		{A11BEAA2-ED56-4510-9CEB-093670941501}.Release|Any CPU.ActiveCfg = Release|Any CPU
		{A11BEAA2-ED56-4510-9CEB-093670941501}.Release|Any CPU.Build.0 = Release|Any CPU
		{C4E86CA0-B155-4993-AC2D-ADB843B707E8}.Debug|Any CPU.ActiveCfg = Debug|Any CPU
		{C4E86CA0-B155-4993-AC2D-ADB843B707E8}.Debug|Any CPU.Build.0 = Debug|Any CPU
		{C4E86CA0-B155-4993-AC2D-ADB843B707E8}.Release|Any CPU.ActiveCfg = Release|Any CPU
		{C4E86CA0-B155-4993-AC2D-ADB843B707E8}.Release|Any CPU.Build.0 = Release|Any CPU
		{0BB01D2B-7E79-40BE-892A-38472F015D93}.Debug|Any CPU.ActiveCfg = Debug|Any CPU
		{0BB01D2B-7E79-40BE-892A-38472F015D93}.Debug|Any CPU.Build.0 = Debug|Any CPU
		{0BB01D2B-7E79-40BE-892A-38472F015D93}.Release|Any CPU.ActiveCfg = Release|Any CPU
		{0BB01D2B-7E79-40BE-892A-38472F015D93}.Release|Any CPU.Build.0 = Release|Any CPU
	EndGlobalSection
	GlobalSection(SolutionProperties) = preSolution
		HideSolutionNode = FALSE
	EndGlobalSection
EndGlobal
