
Microsoft Visual Studio Solution File, Format Version 12.00
# Visual Studio 2013
VisualStudioVersion = 12.0.21005.1
MinimumVisualStudioVersion = 10.0.40219.1
Project("{FAE04EC0-301F-11D3-BF4B-00C04F79EFBC}") = "03.Sunglasses", "ConsoleApplication1\03.Sunglasses.csproj", "{2AB1DC89-4F5A-4A88-914D-BDB77DE42895}"
EndProject
Project("{FAE04EC0-301F-11D3-BF4B-00C04F79EFBC}") = "01.JoroTheFootballPlayer", "JoroTheFootballPlayer\01.JoroTheFootballPlayer.csproj", "{9FEBF6BF-DBCE-4BD5-B5B9-860D2E648FFC}"
EndProject
Project("{FAE04EC0-301F-11D3-BF4B-00C04F79EFBC}") = "02.HalfSum", "HalfSum\02.HalfSum.csproj", "{09E8EA3E-A699-4940-BF18-C34F77744ED0}"
EndProject
Project("{FAE04EC0-301F-11D3-BF4B-00C04F79EFBC}") = "04.Nine-DigitMagicNumbers", "Nine-DigitMagicNumbers\04.Nine-DigitMagicNumbers.csproj", "{9DEF775D-DD41-43F7-81B4-57BDDDE5424F}"
EndProject
Global
	GlobalSection(SolutionConfigurationPlatforms) = preSolution
		Debug|Any CPU = Debug|Any CPU
		Release|Any CPU = Release|Any CPU
	EndGlobalSection
	GlobalSection(ProjectConfigurationPlatforms) = postSolution
		{2AB1DC89-4F5A-4A88-914D-BDB77DE42895}.Debug|Any CPU.ActiveCfg = Debug|Any CPU
		{2AB1DC89-4F5A-4A88-914D-BDB77DE42895}.Debug|Any CPU.Build.0 = Debug|Any CPU
		{2AB1DC89-4F5A-4A88-914D-BDB77DE42895}.Release|Any CPU.ActiveCfg = Release|Any CPU
		{2AB1DC89-4F5A-4A88-914D-BDB77DE42895}.Release|Any CPU.Build.0 = Release|Any CPU
		{9FEBF6BF-DBCE-4BD5-B5B9-860D2E648FFC}.Debug|Any CPU.ActiveCfg = Debug|Any CPU
		{9FEBF6BF-DBCE-4BD5-B5B9-860D2E648FFC}.Debug|Any CPU.Build.0 = Debug|Any CPU
		{9FEBF6BF-DBCE-4BD5-B5B9-860D2E648FFC}.Release|Any CPU.ActiveCfg = Release|Any CPU
		{9FEBF6BF-DBCE-4BD5-B5B9-860D2E648FFC}.Release|Any CPU.Build.0 = Release|Any CPU
		{09E8EA3E-A699-4940-BF18-C34F77744ED0}.Debug|Any CPU.ActiveCfg = Debug|Any CPU
		{09E8EA3E-A699-4940-BF18-C34F77744ED0}.Debug|Any CPU.Build.0 = Debug|Any CPU
		{09E8EA3E-A699-4940-BF18-C34F77744ED0}.Release|Any CPU.ActiveCfg = Release|Any CPU
		{09E8EA3E-A699-4940-BF18-C34F77744ED0}.Release|Any CPU.Build.0 = Release|Any CPU
		{9DEF775D-DD41-43F7-81B4-57BDDDE5424F}.Debug|Any CPU.ActiveCfg = Debug|Any CPU
		{9DEF775D-DD41-43F7-81B4-57BDDDE5424F}.Debug|Any CPU.Build.0 = Debug|Any CPU
		{9DEF775D-DD41-43F7-81B4-57BDDDE5424F}.Release|Any CPU.ActiveCfg = Release|Any CPU
		{9DEF775D-DD41-43F7-81B4-57BDDDE5424F}.Release|Any CPU.Build.0 = Release|Any CPU
	EndGlobalSection
	GlobalSection(SolutionProperties) = preSolution
		HideSolutionNode = FALSE
	EndGlobalSection
EndGlobal
