
Microsoft Visual Studio Solution File, Format Version 12.00
# Visual Studio Express 2013 for Windows Desktop
VisualStudioVersion = 12.0.21005.1
MinimumVisualStudioVersion = 10.0.40219.1
Project("{FAE04EC0-301F-11D3-BF4B-00C04F79EFBC}") = "01.SumOfN", "SumOfN\01.SumOfN.csproj", "{AC68DFEA-1F4C-4690-AA9F-EB51B281BB06}"
EndProject
Project("{FAE04EC0-301F-11D3-BF4B-00C04F79EFBC}") = "02.FromMtoN", "FromMtoN\02.FromMtoN.csproj", "{807A6867-1D2E-42B7-AD58-B7056470FD02}"
EndProject
Project("{FAE04EC0-301F-11D3-BF4B-00C04F79EFBC}") = "03.EveryPosibleNumbers", "EveryPosibleNumbers\03.EveryPosibleNumbers.csproj", "{EE3FCE08-9186-40E7-9B47-34813EE97A2A}"
EndProject
Project("{FAE04EC0-301F-11D3-BF4B-00C04F79EFBC}") = "04.MDiviteN", "MDiviteN\04.MDiviteN.csproj", "{46A376C1-0BC3-449E-8F7E-FE07BE3BAC57}"
EndProject
Project("{FAE04EC0-301F-11D3-BF4B-00C04F79EFBC}") = "05.01.PrintTriangel", "PrintTriangel\05.01.PrintTriangel.csproj", "{0179ADC8-4882-4B26-8992-CED1C808E419}"
EndProject
Project("{FAE04EC0-301F-11D3-BF4B-00C04F79EFBC}") = "05.02.PrintTriangleB", "PrintTriangleB\05.02.PrintTriangleB.csproj", "{122B6530-01B3-4480-B25A-E75775E2DE60}"
EndProject
Project("{FAE04EC0-301F-11D3-BF4B-00C04F79EFBC}") = "05.03.PrintTriangleC", "PrintTriangleC\05.03.PrintTriangleC.csproj", "{205D45A5-AEB0-439D-A9B4-E81DFCE50036}"
EndProject
Project("{FAE04EC0-301F-11D3-BF4B-00C04F79EFBC}") = "05.04.PrintTriangleD", "PrintTriangleD\05.04.PrintTriangleD.csproj", "{3D8F8F0A-545B-43E8-8323-773D3EAA9955}"
EndProject
Project("{FAE04EC0-301F-11D3-BF4B-00C04F79EFBC}") = "06.RandomNumber", "RandomNumber\06.RandomNumber.csproj", "{A8B69DC2-CF1A-4A1F-AAED-864C5DDDE789}"
EndProject
Global
	GlobalSection(SolutionConfigurationPlatforms) = preSolution
		Debug|Any CPU = Debug|Any CPU
		Release|Any CPU = Release|Any CPU
	EndGlobalSection
	GlobalSection(ProjectConfigurationPlatforms) = postSolution
		{AC68DFEA-1F4C-4690-AA9F-EB51B281BB06}.Debug|Any CPU.ActiveCfg = Debug|Any CPU
		{AC68DFEA-1F4C-4690-AA9F-EB51B281BB06}.Debug|Any CPU.Build.0 = Debug|Any CPU
		{AC68DFEA-1F4C-4690-AA9F-EB51B281BB06}.Release|Any CPU.ActiveCfg = Release|Any CPU
		{AC68DFEA-1F4C-4690-AA9F-EB51B281BB06}.Release|Any CPU.Build.0 = Release|Any CPU
		{807A6867-1D2E-42B7-AD58-B7056470FD02}.Debug|Any CPU.ActiveCfg = Debug|Any CPU
		{807A6867-1D2E-42B7-AD58-B7056470FD02}.Debug|Any CPU.Build.0 = Debug|Any CPU
		{807A6867-1D2E-42B7-AD58-B7056470FD02}.Release|Any CPU.ActiveCfg = Release|Any CPU
		{807A6867-1D2E-42B7-AD58-B7056470FD02}.Release|Any CPU.Build.0 = Release|Any CPU
		{EE3FCE08-9186-40E7-9B47-34813EE97A2A}.Debug|Any CPU.ActiveCfg = Debug|Any CPU
		{EE3FCE08-9186-40E7-9B47-34813EE97A2A}.Debug|Any CPU.Build.0 = Debug|Any CPU
		{EE3FCE08-9186-40E7-9B47-34813EE97A2A}.Release|Any CPU.ActiveCfg = Release|Any CPU
		{EE3FCE08-9186-40E7-9B47-34813EE97A2A}.Release|Any CPU.Build.0 = Release|Any CPU
		{46A376C1-0BC3-449E-8F7E-FE07BE3BAC57}.Debug|Any CPU.ActiveCfg = Debug|Any CPU
		{46A376C1-0BC3-449E-8F7E-FE07BE3BAC57}.Debug|Any CPU.Build.0 = Debug|Any CPU
		{46A376C1-0BC3-449E-8F7E-FE07BE3BAC57}.Release|Any CPU.ActiveCfg = Release|Any CPU
		{46A376C1-0BC3-449E-8F7E-FE07BE3BAC57}.Release|Any CPU.Build.0 = Release|Any CPU
		{0179ADC8-4882-4B26-8992-CED1C808E419}.Debug|Any CPU.ActiveCfg = Debug|Any CPU
		{0179ADC8-4882-4B26-8992-CED1C808E419}.Debug|Any CPU.Build.0 = Debug|Any CPU
		{0179ADC8-4882-4B26-8992-CED1C808E419}.Release|Any CPU.ActiveCfg = Release|Any CPU
		{0179ADC8-4882-4B26-8992-CED1C808E419}.Release|Any CPU.Build.0 = Release|Any CPU
		{122B6530-01B3-4480-B25A-E75775E2DE60}.Debug|Any CPU.ActiveCfg = Debug|Any CPU
		{122B6530-01B3-4480-B25A-E75775E2DE60}.Debug|Any CPU.Build.0 = Debug|Any CPU
		{122B6530-01B3-4480-B25A-E75775E2DE60}.Release|Any CPU.ActiveCfg = Release|Any CPU
		{122B6530-01B3-4480-B25A-E75775E2DE60}.Release|Any CPU.Build.0 = Release|Any CPU
		{205D45A5-AEB0-439D-A9B4-E81DFCE50036}.Debug|Any CPU.ActiveCfg = Debug|Any CPU
		{205D45A5-AEB0-439D-A9B4-E81DFCE50036}.Debug|Any CPU.Build.0 = Debug|Any CPU
		{205D45A5-AEB0-439D-A9B4-E81DFCE50036}.Release|Any CPU.ActiveCfg = Release|Any CPU
		{205D45A5-AEB0-439D-A9B4-E81DFCE50036}.Release|Any CPU.Build.0 = Release|Any CPU
		{3D8F8F0A-545B-43E8-8323-773D3EAA9955}.Debug|Any CPU.ActiveCfg = Debug|Any CPU
		{3D8F8F0A-545B-43E8-8323-773D3EAA9955}.Debug|Any CPU.Build.0 = Debug|Any CPU
		{3D8F8F0A-545B-43E8-8323-773D3EAA9955}.Release|Any CPU.ActiveCfg = Release|Any CPU
		{3D8F8F0A-545B-43E8-8323-773D3EAA9955}.Release|Any CPU.Build.0 = Release|Any CPU
		{A8B69DC2-CF1A-4A1F-AAED-864C5DDDE789}.Debug|Any CPU.ActiveCfg = Debug|Any CPU
		{A8B69DC2-CF1A-4A1F-AAED-864C5DDDE789}.Debug|Any CPU.Build.0 = Debug|Any CPU
		{A8B69DC2-CF1A-4A1F-AAED-864C5DDDE789}.Release|Any CPU.ActiveCfg = Release|Any CPU
		{A8B69DC2-CF1A-4A1F-AAED-864C5DDDE789}.Release|Any CPU.Build.0 = Release|Any CPU
	EndGlobalSection
	GlobalSection(SolutionProperties) = preSolution
		HideSolutionNode = FALSE
	EndGlobalSection
EndGlobal
