
Microsoft Visual Studio Solution File, Format Version 12.00
# Visual Studio 2013
VisualStudioVersion = 12.0.21005.1
MinimumVisualStudioVersion = 10.0.40219.1
Project("{FAE04EC0-301F-11D3-BF4B-00C04F79EFBC}") = "01.StudentsTask", "StudentsTask\01.StudentsTask.csproj", "{6248F7C1-93E9-4E99-B665-C55AD01A35B5}"
EndProject
Project("{FAE04EC0-301F-11D3-BF4B-00C04F79EFBC}") = "02.TradeCompanyTask", "TradeCompanyTask\02.TradeCompanyTask.csproj", "{C5A2C1A7-8F8F-4025-8F3D-6667EE3DC21F}"
EndProject
Project("{FAE04EC0-301F-11D3-BF4B-00C04F79EFBC}") = "03.BiDictionaryTask", "BiDictionaryTask\03.BiDictionaryTask.csproj", "{FA008BA2-2520-426B-938F-6088BD2FED78}"
EndProject
Global
	GlobalSection(SolutionConfigurationPlatforms) = preSolution
		Debug|Any CPU = Debug|Any CPU
		Release|Any CPU = Release|Any CPU
	EndGlobalSection
	GlobalSection(ProjectConfigurationPlatforms) = postSolution
		{6248F7C1-93E9-4E99-B665-C55AD01A35B5}.Debug|Any CPU.ActiveCfg = Debug|Any CPU
		{6248F7C1-93E9-4E99-B665-C55AD01A35B5}.Debug|Any CPU.Build.0 = Debug|Any CPU
		{6248F7C1-93E9-4E99-B665-C55AD01A35B5}.Release|Any CPU.ActiveCfg = Release|Any CPU
		{6248F7C1-93E9-4E99-B665-C55AD01A35B5}.Release|Any CPU.Build.0 = Release|Any CPU
		{C5A2C1A7-8F8F-4025-8F3D-6667EE3DC21F}.Debug|Any CPU.ActiveCfg = Debug|Any CPU
		{C5A2C1A7-8F8F-4025-8F3D-6667EE3DC21F}.Debug|Any CPU.Build.0 = Debug|Any CPU
		{C5A2C1A7-8F8F-4025-8F3D-6667EE3DC21F}.Release|Any CPU.ActiveCfg = Release|Any CPU
		{C5A2C1A7-8F8F-4025-8F3D-6667EE3DC21F}.Release|Any CPU.Build.0 = Release|Any CPU
		{FA008BA2-2520-426B-938F-6088BD2FED78}.Debug|Any CPU.ActiveCfg = Debug|Any CPU
		{FA008BA2-2520-426B-938F-6088BD2FED78}.Debug|Any CPU.Build.0 = Debug|Any CPU
		{FA008BA2-2520-426B-938F-6088BD2FED78}.Release|Any CPU.ActiveCfg = Release|Any CPU
		{FA008BA2-2520-426B-938F-6088BD2FED78}.Release|Any CPU.Build.0 = Release|Any CPU
	EndGlobalSection
	GlobalSection(SolutionProperties) = preSolution
		HideSolutionNode = FALSE
	EndGlobalSection
EndGlobal
