
Microsoft Visual Studio Solution File, Format Version 12.00
# Visual Studio 2013
VisualStudioVersion = 12.0.31101.0
MinimumVisualStudioVersion = 10.0.40219.1
Project("{FAE04EC0-301F-11D3-BF4B-00C04F79EFBC}") = "ObjectStateValidator.Test", "ObjectStateValidator.Test\ObjectStateValidator.Test.csproj", "{B428F205-5B98-4994-95C0-583486B59506}"
EndProject
Project("{FAE04EC0-301F-11D3-BF4B-00C04F79EFBC}") = "ObjectStateValidator", "ObjectStateValidator\ObjectStateValidator.csproj", "{6A975E44-341C-4498-83E3-4048D9F23A2B}"
EndProject
Global
	GlobalSection(SolutionConfigurationPlatforms) = preSolution
		Debug|Any CPU = Debug|Any CPU
		Release|Any CPU = Release|Any CPU
	EndGlobalSection
	GlobalSection(ProjectConfigurationPlatforms) = postSolution
		{B428F205-5B98-4994-95C0-583486B59506}.Debug|Any CPU.ActiveCfg = Debug|Any CPU
		{B428F205-5B98-4994-95C0-583486B59506}.Debug|Any CPU.Build.0 = Debug|Any CPU
		{B428F205-5B98-4994-95C0-583486B59506}.Release|Any CPU.ActiveCfg = Release|Any CPU
		{B428F205-5B98-4994-95C0-583486B59506}.Release|Any CPU.Build.0 = Release|Any CPU
		{6A975E44-341C-4498-83E3-4048D9F23A2B}.Debug|Any CPU.ActiveCfg = Debug|Any CPU
		{6A975E44-341C-4498-83E3-4048D9F23A2B}.Debug|Any CPU.Build.0 = Debug|Any CPU
		{6A975E44-341C-4498-83E3-4048D9F23A2B}.Release|Any CPU.ActiveCfg = Release|Any CPU
		{6A975E44-341C-4498-83E3-4048D9F23A2B}.Release|Any CPU.Build.0 = Release|Any CPU
	EndGlobalSection
	GlobalSection(SolutionProperties) = preSolution
		HideSolutionNode = FALSE
	EndGlobalSection
EndGlobal
